
Microsoft Visual Studio Solution File, Format Version 12.00
Project("{2150E333-8FDC-42A3-9474-1A3956D46DE8}") = "AnemicThreeLayer", "AnemicThreeLayer", "{BD0CF1A8-87C4-4E82-AA38-E69BDA18DFE4}"
EndProject
Project("{FAE04EC0-301F-11D3-BF4B-00C04F79EFBC}") = "DataAccess", "AnemicThreeLayer\DataAccess\DataAccess.csproj", "{F4BAE70A-E170-45F0-B248-03F78D81F5C6}"
EndProject
Project("{FAE04EC0-301F-11D3-BF4B-00C04F79EFBC}") = "Application", "AnemicThreeLayer\Application\Application.csproj", "{CFD9046D-C1F0-48E5-90CC-A32B4791B649}"
EndProject
Project("{FAE04EC0-301F-11D3-BF4B-00C04F79EFBC}") = "Presentation", "AnemicThreeLayer\Presentation\Presentation.csproj", "{DE94721D-2455-44DA-84F3-552379229FF1}"
EndProject
Global
	GlobalSection(SolutionConfigurationPlatforms) = preSolution
		Debug|Any CPU = Debug|Any CPU
		Release|Any CPU = Release|Any CPU
	EndGlobalSection
	GlobalSection(NestedProjects) = preSolution
		{F4BAE70A-E170-45F0-B248-03F78D81F5C6} = {BD0CF1A8-87C4-4E82-AA38-E69BDA18DFE4}
		{CFD9046D-C1F0-48E5-90CC-A32B4791B649} = {BD0CF1A8-87C4-4E82-AA38-E69BDA18DFE4}
		{DE94721D-2455-44DA-84F3-552379229FF1} = {BD0CF1A8-87C4-4E82-AA38-E69BDA18DFE4}
	EndGlobalSection
	GlobalSection(ProjectConfigurationPlatforms) = postSolution
		{F4BAE70A-E170-45F0-B248-03F78D81F5C6}.Debug|Any CPU.ActiveCfg = Debug|Any CPU
		{F4BAE70A-E170-45F0-B248-03F78D81F5C6}.Debug|Any CPU.Build.0 = Debug|Any CPU
		{F4BAE70A-E170-45F0-B248-03F78D81F5C6}.Release|Any CPU.ActiveCfg = Release|Any CPU
		{F4BAE70A-E170-45F0-B248-03F78D81F5C6}.Release|Any CPU.Build.0 = Release|Any CPU
		{CFD9046D-C1F0-48E5-90CC-A32B4791B649}.Debug|Any CPU.ActiveCfg = Debug|Any CPU
		{CFD9046D-C1F0-48E5-90CC-A32B4791B649}.Debug|Any CPU.Build.0 = Debug|Any CPU
		{CFD9046D-C1F0-48E5-90CC-A32B4791B649}.Release|Any CPU.ActiveCfg = Release|Any CPU
		{CFD9046D-C1F0-48E5-90CC-A32B4791B649}.Release|Any CPU.Build.0 = Release|Any CPU
		{DE94721D-2455-44DA-84F3-552379229FF1}.Debug|Any CPU.ActiveCfg = Debug|Any CPU
		{DE94721D-2455-44DA-84F3-552379229FF1}.Debug|Any CPU.Build.0 = Debug|Any CPU
		{DE94721D-2455-44DA-84F3-552379229FF1}.Release|Any CPU.ActiveCfg = Release|Any CPU
		{DE94721D-2455-44DA-84F3-552379229FF1}.Release|Any CPU.Build.0 = Release|Any CPU
	EndGlobalSection
EndGlobal
